// !$*UTF8*$!
{
	archiveVersion = 1;
	classes = {
	};
	objectVersion = 46;
	objects = {

/* Begin PBXBuildFile section */
		432F137B1CD01E0200BC0C2E /* AVFoundation.framework in Frameworks */ = {isa = PBXBuildFile; fileRef = 432F137A1CD01E0200BC0C2E /* AVFoundation.framework */; };
		432F137D1CD01EF900BC0C2E /* BarcodeViewController.swift in Sources */ = {isa = PBXBuildFile; fileRef = 432F137C1CD01EF900BC0C2E /* BarcodeViewController.swift */; };
		62FE6F52863CB4DEDB6E91D1 /* libPods-Prototype1.a in Frameworks */ = {isa = PBXBuildFile; fileRef = D0900911F9421FBFC06FE444 /* libPods-Prototype1.a */; };
		91A39C981CC6B5DF0027314F /* AppDelegate.swift in Sources */ = {isa = PBXBuildFile; fileRef = 91A39C971CC6B5DF0027314F /* AppDelegate.swift */; };
		91A39C9A1CC6B5DF0027314F /* ViewController.swift in Sources */ = {isa = PBXBuildFile; fileRef = 91A39C991CC6B5DF0027314F /* ViewController.swift */; };
		91A39C9D1CC6B5DF0027314F /* Main.storyboard in Resources */ = {isa = PBXBuildFile; fileRef = 91A39C9B1CC6B5DF0027314F /* Main.storyboard */; };
		91A39C9F1CC6B5DF0027314F /* Assets.xcassets in Resources */ = {isa = PBXBuildFile; fileRef = 91A39C9E1CC6B5DF0027314F /* Assets.xcassets */; };
		91A39CA21CC6B5DF0027314F /* LaunchScreen.storyboard in Resources */ = {isa = PBXBuildFile; fileRef = 91A39CA01CC6B5DF0027314F /* LaunchScreen.storyboard */; };
/* End PBXBuildFile section */

/* Begin PBXFileReference section */
		1FD09E6AA64CDCF00A2BEE7B /* Pods-Prototype1.release.xcconfig */ = {isa = PBXFileReference; includeInIndex = 1; lastKnownFileType = text.xcconfig; name = "Pods-Prototype1.release.xcconfig"; path = "Pods/Target Support Files/Pods-Prototype1/Pods-Prototype1.release.xcconfig"; sourceTree = "<group>"; };
		432F137A1CD01E0200BC0C2E /* AVFoundation.framework */ = {isa = PBXFileReference; lastKnownFileType = wrapper.framework; name = AVFoundation.framework; path = System/Library/Frameworks/AVFoundation.framework; sourceTree = SDKROOT; };
		432F137C1CD01EF900BC0C2E /* BarcodeViewController.swift */ = {isa = PBXFileReference; fileEncoding = 4; lastKnownFileType = sourcecode.swift; path = BarcodeViewController.swift; sourceTree = "<group>"; };
		91A39C941CC6B5DF0027314F /* Prototype1.app */ = {isa = PBXFileReference; explicitFileType = wrapper.application; includeInIndex = 0; path = Prototype1.app; sourceTree = BUILT_PRODUCTS_DIR; };
		91A39C971CC6B5DF0027314F /* AppDelegate.swift */ = {isa = PBXFileReference; lastKnownFileType = sourcecode.swift; path = AppDelegate.swift; sourceTree = "<group>"; };
		91A39C991CC6B5DF0027314F /* ViewController.swift */ = {isa = PBXFileReference; lastKnownFileType = sourcecode.swift; path = ViewController.swift; sourceTree = "<group>"; };
		91A39C9C1CC6B5DF0027314F /* Base */ = {isa = PBXFileReference; lastKnownFileType = file.storyboard; name = Base; path = Base.lproj/Main.storyboard; sourceTree = "<group>"; };
		91A39C9E1CC6B5DF0027314F /* Assets.xcassets */ = {isa = PBXFileReference; lastKnownFileType = folder.assetcatalog; path = Assets.xcassets; sourceTree = "<group>"; };
		91A39CA11CC6B5DF0027314F /* Base */ = {isa = PBXFileReference; lastKnownFileType = file.storyboard; name = Base; path = Base.lproj/LaunchScreen.storyboard; sourceTree = "<group>"; };
		91A39CA31CC6B5DF0027314F /* Info.plist */ = {isa = PBXFileReference; lastKnownFileType = text.plist.xml; path = Info.plist; sourceTree = "<group>"; };
		91A39CA91CC6B7180027314F /* Prototype1-Bridging-Header.h */ = {isa = PBXFileReference; lastKnownFileType = sourcecode.c.h; path = "Prototype1-Bridging-Header.h"; sourceTree = "<group>"; };
		9FE24701AB38819B8BC49C56 /* Pods-Prototype1.debug.xcconfig */ = {isa = PBXFileReference; includeInIndex = 1; lastKnownFileType = text.xcconfig; name = "Pods-Prototype1.debug.xcconfig"; path = "Pods/Target Support Files/Pods-Prototype1/Pods-Prototype1.debug.xcconfig"; sourceTree = "<group>"; };
		D0900911F9421FBFC06FE444 /* libPods-Prototype1.a */ = {isa = PBXFileReference; explicitFileType = archive.ar; includeInIndex = 0; path = "libPods-Prototype1.a"; sourceTree = BUILT_PRODUCTS_DIR; };
/* End PBXFileReference section */

/* Begin PBXFrameworksBuildPhase section */
		91A39C911CC6B5DF0027314F /* Frameworks */ = {
			isa = PBXFrameworksBuildPhase;
			buildActionMask = 2147483647;
			files = (
				432F137B1CD01E0200BC0C2E /* AVFoundation.framework in Frameworks */,
				62FE6F52863CB4DEDB6E91D1 /* libPods-Prototype1.a in Frameworks */,
			);
			runOnlyForDeploymentPostprocessing = 0;
		};
/* End PBXFrameworksBuildPhase section */

/* Begin PBXGroup section */
		91A39C8B1CC6B5DF0027314F = {
			isa = PBXGroup;
			children = (
				91A39C961CC6B5DF0027314F /* Prototype1 */,
				91A39C951CC6B5DF0027314F /* Products */,
				D7C3F29F40C5882D0E78DF3B /* Pods */,
				F79B665355FA6AF133B71D3E /* Frameworks */,
			);
			sourceTree = "<group>";
		};
		91A39C951CC6B5DF0027314F /* Products */ = {
			isa = PBXGroup;
			children = (
				91A39C941CC6B5DF0027314F /* Prototype1.app */,
			);
			name = Products;
			sourceTree = "<group>";
		};
		91A39C961CC6B5DF0027314F /* Prototype1 */ = {
			isa = PBXGroup;
			children = (
				91A39C971CC6B5DF0027314F /* AppDelegate.swift */,
				91A39C991CC6B5DF0027314F /* ViewController.swift */,
				91A39C9B1CC6B5DF0027314F /* Main.storyboard */,
				432F137C1CD01EF900BC0C2E /* BarcodeViewController.swift */,
				91A39C9E1CC6B5DF0027314F /* Assets.xcassets */,
				91A39CA01CC6B5DF0027314F /* LaunchScreen.storyboard */,
				91A39CA31CC6B5DF0027314F /* Info.plist */,
				91A39CA91CC6B7180027314F /* Prototype1-Bridging-Header.h */,
			);
			path = Prototype1;
			sourceTree = "<group>";
		};
		D7C3F29F40C5882D0E78DF3B /* Pods */ = {
			isa = PBXGroup;
			children = (
				9FE24701AB38819B8BC49C56 /* Pods-Prototype1.debug.xcconfig */,
				1FD09E6AA64CDCF00A2BEE7B /* Pods-Prototype1.release.xcconfig */,
			);
			name = Pods;
			sourceTree = "<group>";
		};
		F79B665355FA6AF133B71D3E /* Frameworks */ = {
			isa = PBXGroup;
			children = (
				432F137A1CD01E0200BC0C2E /* AVFoundation.framework */,
				D0900911F9421FBFC06FE444 /* libPods-Prototype1.a */,
			);
			name = Frameworks;
			sourceTree = "<group>";
		};
/* End PBXGroup section */

/* Begin PBXNativeTarget section */
		91A39C931CC6B5DF0027314F /* Prototype1 */ = {
			isa = PBXNativeTarget;
			buildConfigurationList = 91A39CA61CC6B5DF0027314F /* Build configuration list for PBXNativeTarget "Prototype1" */;
			buildPhases = (
				9FB804A0CF4617816E84522C /* Check Pods Manifest.lock */,
				91A39C901CC6B5DF0027314F /* Sources */,
				91A39C911CC6B5DF0027314F /* Frameworks */,
				91A39C921CC6B5DF0027314F /* Resources */,
				77003C8DBCADEBD62883F4DD /* Embed Pods Frameworks */,
				96F6FB85B71C25049253FD7F /* Copy Pods Resources */,
			);
			buildRules = (
			);
			dependencies = (
			);
			name = Prototype1;
			productName = Prototype1;
			productReference = 91A39C941CC6B5DF0027314F /* Prototype1.app */;
			productType = "com.apple.product-type.application";
		};
/* End PBXNativeTarget section */

/* Begin PBXProject section */
		91A39C8C1CC6B5DF0027314F /* Project object */ = {
			isa = PBXProject;
			attributes = {
				LastSwiftUpdateCheck = 0720;
				LastUpgradeCheck = 0720;
				ORGANIZATIONNAME = Yuchi;
				TargetAttributes = {
					91A39C931CC6B5DF0027314F = {
						CreatedOnToolsVersion = 7.2.1;
					};
				};
			};
			buildConfigurationList = 91A39C8F1CC6B5DF0027314F /* Build configuration list for PBXProject "Prototype1" */;
			compatibilityVersion = "Xcode 3.2";
			developmentRegion = English;
			hasScannedForEncodings = 0;
			knownRegions = (
				en,
				Base,
			);
			mainGroup = 91A39C8B1CC6B5DF0027314F;
			productRefGroup = 91A39C951CC6B5DF0027314F /* Products */;
			projectDirPath = "";
			projectRoot = "";
			targets = (
				91A39C931CC6B5DF0027314F /* Prototype1 */,
			);
		};
/* End PBXProject section */

/* Begin PBXResourcesBuildPhase section */
		91A39C921CC6B5DF0027314F /* Resources */ = {
			isa = PBXResourcesBuildPhase;
			buildActionMask = 2147483647;
			files = (
				91A39CA21CC6B5DF0027314F /* LaunchScreen.storyboard in Resources */,
				91A39C9F1CC6B5DF0027314F /* Assets.xcassets in Resources */,
				91A39C9D1CC6B5DF0027314F /* Main.storyboard in Resources */,
			);
			runOnlyForDeploymentPostprocessing = 0;
		};
/* End PBXResourcesBuildPhase section */

/* Begin PBXShellScriptBuildPhase section */
		77003C8DBCADEBD62883F4DD /* Embed Pods Frameworks */ = {
			isa = PBXShellScriptBuildPhase;
			buildActionMask = 2147483647;
			files = (
			);
			inputPaths = (
			);
			name = "Embed Pods Frameworks";
			outputPaths = (
			);
			runOnlyForDeploymentPostprocessing = 0;
			shellPath = /bin/sh;
			shellScript = "\"${SRCROOT}/Pods/Target Support Files/Pods-Prototype1/Pods-Prototype1-frameworks.sh\"\n";
			showEnvVarsInLog = 0;
		};
		96F6FB85B71C25049253FD7F /* Copy Pods Resources */ = {
			isa = PBXShellScriptBuildPhase;
			buildActionMask = 2147483647;
			files = (
			);
			inputPaths = (
			);
			name = "Copy Pods Resources";
			outputPaths = (
			);
			runOnlyForDeploymentPostprocessing = 0;
			shellPath = /bin/sh;
			shellScript = "\"${SRCROOT}/Pods/Target Support Files/Pods-Prototype1/Pods-Prototype1-resources.sh\"\n";
			showEnvVarsInLog = 0;
		};
		9FB804A0CF4617816E84522C /* Check Pods Manifest.lock */ = {
			isa = PBXShellScriptBuildPhase;
			buildActionMask = 2147483647;
			files = (
			);
			inputPaths = (
			);
			name = "Check Pods Manifest.lock";
			outputPaths = (
			);
			runOnlyForDeploymentPostprocessing = 0;
			shellPath = /bin/sh;
			shellScript = "diff \"${PODS_ROOT}/../Podfile.lock\" \"${PODS_ROOT}/Manifest.lock\" > /dev/null\nif [[ $? != 0 ]] ; then\n    cat << EOM\nerror: The sandbox is not in sync with the Podfile.lock. Run 'pod install' or update your CocoaPods installation.\nEOM\n    exit 1\nfi\n";
			showEnvVarsInLog = 0;
		};
/* End PBXShellScriptBuildPhase section */

/* Begin PBXSourcesBuildPhase section */
		91A39C901CC6B5DF0027314F /* Sources */ = {
			isa = PBXSourcesBuildPhase;
			buildActionMask = 2147483647;
			files = (
				91A39C9A1CC6B5DF0027314F /* ViewController.swift in Sources */,
				91A39C981CC6B5DF0027314F /* AppDelegate.swift in Sources */,
				432F137D1CD01EF900BC0C2E /* BarcodeViewController.swift in Sources */,
			);
			runOnlyForDeploymentPostprocessing = 0;
		};
/* End PBXSourcesBuildPhase section */

/* Begin PBXVariantGroup section */
		91A39C9B1CC6B5DF0027314F /* Main.storyboard */ = {
			isa = PBXVariantGroup;
			children = (
				91A39C9C1CC6B5DF0027314F /* Base */,
			);
			name = Main.storyboard;
			sourceTree = "<group>";
		};
		91A39CA01CC6B5DF0027314F /* LaunchScreen.storyboard */ = {
			isa = PBXVariantGroup;
			children = (
				91A39CA11CC6B5DF0027314F /* Base */,
			);
			name = LaunchScreen.storyboard;
			sourceTree = "<group>";
		};
/* End PBXVariantGroup section */

/* Begin XCBuildConfiguration section */
		91A39CA41CC6B5DF0027314F /* Debug */ = {
			isa = XCBuildConfiguration;
			buildSettings = {
				ALWAYS_SEARCH_USER_PATHS = NO;
				CLANG_CXX_LANGUAGE_STANDARD = "gnu++0x";
				CLANG_CXX_LIBRARY = "libc++";
				CLANG_ENABLE_MODULES = YES;
				CLANG_ENABLE_OBJC_ARC = YES;
				CLANG_WARN_BOOL_CONVERSION = YES;
				CLANG_WARN_CONSTANT_CONVERSION = YES;
				CLANG_WARN_DIRECT_OBJC_ISA_USAGE = YES_ERROR;
				CLANG_WARN_EMPTY_BODY = YES;
				CLANG_WARN_ENUM_CONVERSION = YES;
				CLANG_WARN_INT_CONVERSION = YES;
				CLANG_WARN_OBJC_ROOT_CLASS = YES_ERROR;
				CLANG_WARN_UNREACHABLE_CODE = YES;
				CLANG_WARN__DUPLICATE_METHOD_MATCH = YES;
				"CODE_SIGN_IDENTITY[sdk=iphoneos*]" = "iPhone Developer";
				COPY_PHASE_STRIP = NO;
				DEBUG_INFORMATION_FORMAT = dwarf;
				ENABLE_STRICT_OBJC_MSGSEND = YES;
				ENABLE_TESTABILITY = YES;
				GCC_C_LANGUAGE_STANDARD = gnu99;
				GCC_DYNAMIC_NO_PIC = NO;
				GCC_NO_COMMON_BLOCKS = YES;
				GCC_OPTIMIZATION_LEVEL = 0;
				GCC_PREPROCESSOR_DEFINITIONS = (
					"DEBUG=1",
					"$(inherited)",
				);
				GCC_WARN_64_TO_32_BIT_CONVERSION = YES;
				GCC_WARN_ABOUT_RETURN_TYPE = YES_ERROR;
				GCC_WARN_UNDECLARED_SELECTOR = YES;
				GCC_WARN_UNINITIALIZED_AUTOS = YES_AGGRESSIVE;
				GCC_WARN_UNUSED_FUNCTION = YES;
				GCC_WARN_UNUSED_VARIABLE = YES;
				IPHONEOS_DEPLOYMENT_TARGET = 9.2;
				MTL_ENABLE_DEBUG_INFO = YES;
				ONLY_ACTIVE_ARCH = YES;
				SDKROOT = iphoneos;
				SWIFT_OPTIMIZATION_LEVEL = "-Onone";
			};
			name = Debug;
		};
		91A39CA51CC6B5DF0027314F /* Release */ = {
			isa = XCBuildConfiguration;
			buildSettings = {
				ALWAYS_SEARCH_USER_PATHS = NO;
				CLANG_CXX_LANGUAGE_STANDARD = "gnu++0x";
				CLANG_CXX_LIBRARY = "libc++";
				CLANG_ENABLE_MODULES = YES;
				CLANG_ENABLE_OBJC_ARC = YES;
				CLANG_WARN_BOOL_CONVERSION = YES;
				CLANG_WARN_CONSTANT_CONVERSION = YES;
				CLANG_WARN_DIRECT_OBJC_ISA_USAGE = YES_ERROR;
				CLANG_WARN_EMPTY_BODY = YES;
				CLANG_WARN_ENUM_CONVERSION = YES;
				CLANG_WARN_INT_CONVERSION = YES;
				CLANG_WARN_OBJC_ROOT_CLASS = YES_ERROR;
				CLANG_WARN_UNREACHABLE_CODE = YES;
				CLANG_WARN__DUPLICATE_METHOD_MATCH = YES;
				"CODE_SIGN_IDENTITY[sdk=iphoneos*]" = "iPhone Developer";
				COPY_PHASE_STRIP = NO;
				DEBUG_INFORMATION_FORMAT = "dwarf-with-dsym";
				ENABLE_NS_ASSERTIONS = NO;
				ENABLE_STRICT_OBJC_MSGSEND = YES;
				GCC_C_LANGUAGE_STANDARD = gnu99;
				GCC_NO_COMMON_BLOCKS = YES;
				GCC_WARN_64_TO_32_BIT_CONVERSION = YES;
				GCC_WARN_ABOUT_RETURN_TYPE = YES_ERROR;
				GCC_WARN_UNDECLARED_SELECTOR = YES;
				GCC_WARN_UNINITIALIZED_AUTOS = YES_AGGRESSIVE;
				GCC_WARN_UNUSED_FUNCTION = YES;
				GCC_WARN_UNUSED_VARIABLE = YES;
				IPHONEOS_DEPLOYMENT_TARGET = 9.2;
				MTL_ENABLE_DEBUG_INFO = NO;
				SDKROOT = iphoneos;
				VALIDATE_PRODUCT = YES;
			};
			name = Release;
		};
		91A39CA71CC6B5DF0027314F /* Debug */ = {
			isa = XCBuildConfiguration;
			baseConfigurationReference = 9FE24701AB38819B8BC49C56 /* Pods-Prototype1.debug.xcconfig */;
			buildSettings = {
				ASSETCATALOG_COMPILER_APPICON_NAME = AppIcon;
				CLANG_ENABLE_MODULES = YES;
				INFOPLIST_FILE = Prototype1/Info.plist;
				LD_RUNPATH_SEARCH_PATHS = "$(inherited) @executable_path/Frameworks";
				PRODUCT_BUNDLE_IDENTIFIER = yuchima.com.Prototype1;
				PRODUCT_NAME = "$(TARGET_NAME)";
				SWIFT_OBJC_BRIDGING_HEADER = "Prototype1/Prototype1-Bridging-Header.h";
				SWIFT_OPTIMIZATION_LEVEL = "-Onone";
			};
			name = Debug;
		};
		91A39CA81CC6B5DF0027314F /* Release */ = {
			isa = XCBuildConfiguration;
			baseConfigurationReference = 1FD09E6AA64CDCF00A2BEE7B /* Pods-Prototype1.release.xcconfig */;
			buildSettings = {
				ASSETCATALOG_COMPILER_APPICON_NAME = AppIcon;
				CLANG_ENABLE_MODULES = YES;
				INFOPLIST_FILE = Prototype1/Info.plist;
				LD_RUNPATH_SEARCH_PATHS = "$(inherited) @executable_path/Frameworks";
				PRODUCT_BUNDLE_IDENTIFIER = yuchima.com.Prototype1;
				PRODUCT_NAME = "$(TARGET_NAME)";
				SWIFT_OBJC_BRIDGING_HEADER = "Prototype1/Prototype1-Bridging-Header.h";
			};
			name = Release;
		};
/* End XCBuildConfiguration section */

/* Begin XCConfigurationList section */
		91A39C8F1CC6B5DF0027314F /* Build configuration list for PBXProject "Prototype1" */ = {
			isa = XCConfigurationList;
			buildConfigurations = (
				91A39CA41CC6B5DF0027314F /* Debug */,
				91A39CA51CC6B5DF0027314F /* Release */,
			);
			defaultConfigurationIsVisible = 0;
			defaultConfigurationName = Release;
		};
		91A39CA61CC6B5DF0027314F /* Build configuration list for PBXNativeTarget "Prototype1" */ = {
			isa = XCConfigurationList;
			buildConfigurations = (
				91A39CA71CC6B5DF0027314F /* Debug */,
				91A39CA81CC6B5DF0027314F /* Release */,
			);
			defaultConfigurationIsVisible = 0;
			defaultConfigurationName = Release;
		};
/* End XCConfigurationList section */
	};
	rootObject = 91A39C8C1CC6B5DF0027314F /* Project object */;
}
